
Microsoft Visual Studio Solution File, Format Version 12.00
# Visual Studio Version 17
VisualStudioVersion = 17.3.32611.2
MinimumVisualStudioVersion = 10.0.40219.1
Project("{FAE04EC0-301F-11D3-BF4B-00C04F79EFBC}") = "IntoductionToCSharp", "IntoductionToCSharp\IntoductionToCSharp.csproj", "{BD968325-BB29-4445-B13E-EB6D6215843C}"
EndProject
Global
	GlobalSection(SolutionConfigurationPlatforms) = preSolution
		Debug|Any CPU = Debug|Any CPU
		Release|Any CPU = Release|Any CPU
	EndGlobalSection
	GlobalSection(ProjectConfigurationPlatforms) = postSolution
		{BD968325-BB29-4445-B13E-EB6D6215843C}.Debug|Any CPU.ActiveCfg = Debug|Any CPU
		{BD968325-BB29-4445-B13E-EB6D6215843C}.Debug|Any CPU.Build.0 = Debug|Any CPU
		{BD968325-BB29-4445-B13E-EB6D6215843C}.Release|Any CPU.ActiveCfg = Release|Any CPU
		{BD968325-BB29-4445-B13E-EB6D6215843C}.Release|Any CPU.Build.0 = Release|Any CPU
	EndGlobalSection
	GlobalSection(SolutionProperties) = preSolution
		HideSolutionNode = FALSE
	EndGlobalSection
	GlobalSection(ExtensibilityGlobals) = postSolution
		SolutionGuid = {7041D1AA-70D3-4894-B884-56E659DF19A9}
	EndGlobalSection
EndGlobal
